
Microsoft Visual Studio Solution File, Format Version 12.00
# Visual Studio 15
VisualStudioVersion = 15.0.27703.2026
MinimumVisualStudioVersion = 10.0.40219.1
Project("{FAE04EC0-301F-11D3-BF4B-00C04F79EFBC}") = "ExcelTools", "ExcelTools.csproj", "{12633028-0DE2-4EE7-9AA1-2156F055CFDC}"
EndProject
Global
	GlobalSection(SolutionConfigurationPlatforms) = preSolution
		Debug|Any CPU = Debug|Any CPU
		Release|Any CPU = Release|Any CPU
	EndGlobalSection
	GlobalSection(ProjectConfigurationPlatforms) = postSolution
		{12633028-0DE2-4EE7-9AA1-2156F055CFDC}.Debug|Any CPU.ActiveCfg = Debug|Any CPU
		{12633028-0DE2-4EE7-9AA1-2156F055CFDC}.Debug|Any CPU.Build.0 = Debug|Any CPU
		{12633028-0DE2-4EE7-9AA1-2156F055CFDC}.Release|Any CPU.ActiveCfg = Release|Any CPU
		{12633028-0DE2-4EE7-9AA1-2156F055CFDC}.Release|Any CPU.Build.0 = Release|Any CPU
	EndGlobalSection
	GlobalSection(SolutionProperties) = preSolution
		HideSolutionNode = FALSE
	EndGlobalSection
	GlobalSection(ExtensibilityGlobals) = postSolution
		SolutionGuid = {46AF0A63-2004-4E32-B4EF-D7FAF35C020A}
	EndGlobalSection
EndGlobal
